# THIS IS AN AUTOGENERATED FILE. DO NOT EDIT THIS FILE DIRECTLY.
# yarn lockfile v1


"@endo/env-options@^0.1.4":
  version "0.1.4"
  resolved "https://registry.yarnpkg.com/@endo/env-options/-/env-options-0.1.4.tgz#e516bc3864f00b154944e444fb8996a9a0c23a45"
  integrity sha512-Ol8ct0aW8VK1ZaqntnUJfrYT59P6Xn36XPbHzkqQhsYkpudKDn5ILYEwGmSO/Ff+XJjv/pReNI0lhOyyrDa9mg==

"@endo/eventual-send@^0.17.2":
  version "0.17.6"
  resolved "https://registry.yarnpkg.com/@endo/eventual-send/-/eventual-send-0.17.6.tgz#86719e4e3ff76991c49f6680309dc77dff65fe55"
  integrity sha512-73cKY2uiWdzMJn7i284NJyD3K0UKjpksBg/EA2GT8YJa0TgeBczFQIm81vC08itK5gHuDDH2vC5COSGR6hxKIg==
  dependencies:
    "@endo/env-options" "^0.1.4"

"@endo/far@0.2.18":
  version "0.2.18"
  resolved "https://registry.yarnpkg.com/@endo/far/-/far-0.2.18.tgz#8d8ca8ac1f7c4b57871e55c2c2f06c8e4fcf3839"
  integrity sha512-NJPz5x11AOsFgxZNSIW4+llQtSUNQtcYCrvxpMwhofti3hncMjhIiUUrMVggw99pdHNmXEBr0gl16H3n/1X0sw==
  dependencies:
    "@endo/eventual-send" "^0.17.2"
    "@endo/pass-style" "^0.1.3"

"@endo/pass-style@^0.1.3":
  version "0.1.7"
  resolved "https://registry.yarnpkg.com/@endo/pass-style/-/pass-style-0.1.7.tgz#ea22568e8b86fb2d1a14a5fc042374cc0d8e310b"
  integrity sha512-dlB62Ptjcy/+iachy7qzAdgIwaU60rE+XLummLRpE2tDSJF2jSFJlVwa/QuGw1KKO7Rt4vog/51sKev3EbJZQg==
  dependencies:
    "@endo/promise-kit" "^0.2.60"
    "@fast-check/ava" "^1.1.5"

"@endo/promise-kit@^0.2.60":
  version "0.2.60"
  resolved "https://registry.yarnpkg.com/@endo/promise-kit/-/promise-kit-0.2.60.tgz#8012ada06970c7eaf965cd856563b34a1790e163"
  integrity sha512-6Zp9BqBbc3ywaG+iLRrQRmO/VLKrMnvsbgOKKPMpjEC3sUlksYA09uaH3GrKZgoGChF8m9bXK8eFW39z7wJNUw==
  dependencies:
    ses "^0.18.8"

"@fast-check/ava@^1.1.5":
  version "1.2.1"
  resolved "https://registry.yarnpkg.com/@fast-check/ava/-/ava-1.2.1.tgz#4f6621d039e855cbd3ee40512f442f82913c5a31"
  integrity sha512-d7O8CjYV2e+JFnN67Yofw+tt16fJI7kuX1K7OZCNxqQL5XNrkipWBmAmW9sPxYVjaItPBPvTPp7nORsO9KuBgg==
  dependencies:
    fast-check "^3.0.0"

fast-check@^3.0.0:
  version "3.18.0"
  resolved "https://registry.yarnpkg.com/fast-check/-/fast-check-3.18.0.tgz#025c137cb1ad3f229af7d1f913f4aa2e075fa0c5"
  integrity sha512-/951xaT0kA40w0GXRsZXEwSTE7LugjZtSA/8vPgFkiPQ8wNp8tRvqWuNDHBgLxJYXtsK11e/7Q4ObkKW5BdTFQ==
  dependencies:
    pure-rand "^6.1.0"

pure-rand@^6.1.0:
  version "6.1.0"
  resolved "https://registry.yarnpkg.com/pure-rand/-/pure-rand-6.1.0.tgz#d173cf23258231976ccbdb05247c9787957604f2"
  integrity sha512-bVWawvoZoBYpp6yIoQtQXHZjmz35RSVHnUOTefl8Vcjr8snTPY1wnpSPMWekcFwbxI6gtmT7rSYPFvz71ldiOA==

ses@^0.18.8:
  version "0.18.8"
  resolved "https://registry.yarnpkg.com/ses/-/ses-0.18.8.tgz#88036511ac3b3c07e4d82dd8cfc6e5f3788205b6"
  integrity sha512-kOH1AhJc6gWDXKURKeU1w7iFUdImAegAljVvBg5EUBgNqjH4bxcEsGVUadVEPtA2PVRMyQp1fiSMDwEZkQNj1g==
  dependencies:
    "@endo/env-options" "^0.1.4"
